
Microsoft Visual Studio Solution File, Format Version 12.00
# Visual Studio Version 17
VisualStudioVersion = 17.4.33403.182
MinimumVisualStudioVersion = 10.0.40219.1
Project("{FAE04EC0-301F-11D3-BF4B-00C04F79EFBC}") = "CSharp-Programming-Guide", "CSharp-Programming-Guide\CSharp-Programming-Guide.csproj", "{78C4EB20-8E6B-461A-8AA3-CB6E180D9A5C}"
EndProject
Project("{9A19103F-16F7-4668-BE54-9A1E7A4F7556}") = "CSharpAbstract", "CSharpAbstract\CSharpAbstract.csproj", "{AF68770B-57D4-4AB9-AD15-5428425A6D0B}"
EndProject
Project("{9A19103F-16F7-4668-BE54-9A1E7A4F7556}") = "CSharpBase", "CSharpBase\CSharpBase.csproj", "{288C856A-2D82-4330-9CEB-510809996ED2}"
EndProject
Project("{9A19103F-16F7-4668-BE54-9A1E7A4F7556}") = "CSharpConst", "CSharpConst\CSharpConst.csproj", "{1BFC291E-51D0-4E69-835F-52EDE374D75E}"
EndProject
Project("{9A19103F-16F7-4668-BE54-9A1E7A4F7556}") = "CSharpEvent", "CSharpEvent\CSharpEvent.csproj", "{BA10E7DE-B82D-4667-A492-7118D4DC647A}"
EndProject
Project("{9A19103F-16F7-4668-BE54-9A1E7A4F7556}") = "CSharpIn", "CSharpIn\CSharpIn.csproj", "{5E848588-AD1B-46FF-8E0F-ABC55F2D6EB5}"
EndProject
Project("{9A19103F-16F7-4668-BE54-9A1E7A4F7556}") = "CSharpLinq", "CSharpLinq\CSharpLinq.csproj", "{A92CD837-5F5B-4CDD-A7C8-9C4FE995A6EF}"
EndProject
Project("{9A19103F-16F7-4668-BE54-9A1E7A4F7556}") = "CSharpNew", "CSharpNew\CSharpNew.csproj", "{F70DD812-8EEE-47EF-964C-12E176687C37}"
EndProject
Project("{9A19103F-16F7-4668-BE54-9A1E7A4F7556}") = "CSharpOut", "CSharpOut\CSharpOut.csproj", "{6FACD606-8E8D-4C62-AFEF-503E7649BDEA}"
EndProject
Project("{9A19103F-16F7-4668-BE54-9A1E7A4F7556}") = "CSharpOverrideNew", "CSharpOverrideNew\CSharpOverrideNew.csproj", "{6B06EF4C-0638-4022-AEF5-9E29CF796E92}"
EndProject
Project("{9A19103F-16F7-4668-BE54-9A1E7A4F7556}") = "CSharpReadOnly", "CSharpReadOnly\CSharpReadOnly.csproj", "{A57368AA-4A07-4658-BF88-AA63B385DB6B}"
EndProject
Project("{2150E333-8FDC-42A3-9474-1A3956D46DE8}") = "Socket", "Socket", "{B89BF85B-2CEA-4538-A5FF-DC435BEE37D4}"
EndProject
Project("{2150E333-8FDC-42A3-9474-1A3956D46DE8}") = "Task", "Task", "{982C6C71-5CAB-4B6E-A451-429D8738E141}"
EndProject
Project("{2150E333-8FDC-42A3-9474-1A3956D46DE8}") = "SocketClient", "SocketClient", "{37346B48-BE47-4F4C-962B-B8EA6110B8CC}"
EndProject
Project("{2150E333-8FDC-42A3-9474-1A3956D46DE8}") = "SocketServer", "SocketServer", "{5B167712-16E2-45CB-9922-F84479AF8322}"
EndProject
Project("{9A19103F-16F7-4668-BE54-9A1E7A4F7556}") = "SocketClient", "Socket\SocketClient\SocketClient.csproj", "{BAC58D19-77E3-436C-8D63-4CAD18A71E32}"
EndProject
Project("{9A19103F-16F7-4668-BE54-9A1E7A4F7556}") = "SocketServer", "Socket\SocketServer\SocketServer.csproj", "{74E4CA5A-396D-46BA-8095-5F4C62C100A5}"
EndProject
Project("{2150E333-8FDC-42A3-9474-1A3956D46DE8}") = "Thread", "Thread", "{7EF47D3E-9174-4D8B-9FD6-EE06899E934A}"
EndProject
Project("{2150E333-8FDC-42A3-9474-1A3956D46DE8}") = "ThreadPool", "ThreadPool", "{09A5634D-1095-4671-A9B0-2A1665D66918}"
EndProject
Project("{2150E333-8FDC-42A3-9474-1A3956D46DE8}") = "Window.ManualResetEventSlim.Practice", "Window.ManualResetEventSlim.Practice", "{52817E10-B881-4C64-9DFE-6A1E3AEC319F}"
EndProject
Project("{9A19103F-16F7-4668-BE54-9A1E7A4F7556}") = "Thread", "Task\Thread\Thread.csproj", "{9C1334BB-2F0F-4FCD-9EAE-7AF9E32A7BCE}"
EndProject
Project("{9A19103F-16F7-4668-BE54-9A1E7A4F7556}") = "ThreadPool", "Task\ThreadPool\ThreadPool.csproj", "{E826D4C6-FDE5-453B-B70E-BF0AB7B93EBA}"
EndProject
Project("{9A19103F-16F7-4668-BE54-9A1E7A4F7556}") = "Window.ManualResetEventSlim.Practice", "Task\Window.ManualResetEventSlim.Practice\Window.ManualResetEventSlim.Practice.csproj", "{5C8A8BDC-16C5-418C-941D-D0BAA41A8C1F}"
EndProject
Global
	GlobalSection(SolutionConfigurationPlatforms) = preSolution
		Debug|Any CPU = Debug|Any CPU
		Release|Any CPU = Release|Any CPU
	EndGlobalSection
	GlobalSection(ProjectConfigurationPlatforms) = postSolution
		{78C4EB20-8E6B-461A-8AA3-CB6E180D9A5C}.Debug|Any CPU.ActiveCfg = Debug|Any CPU
		{78C4EB20-8E6B-461A-8AA3-CB6E180D9A5C}.Debug|Any CPU.Build.0 = Debug|Any CPU
		{78C4EB20-8E6B-461A-8AA3-CB6E180D9A5C}.Release|Any CPU.ActiveCfg = Release|Any CPU
		{78C4EB20-8E6B-461A-8AA3-CB6E180D9A5C}.Release|Any CPU.Build.0 = Release|Any CPU
		{AF68770B-57D4-4AB9-AD15-5428425A6D0B}.Debug|Any CPU.ActiveCfg = Debug|Any CPU
		{AF68770B-57D4-4AB9-AD15-5428425A6D0B}.Debug|Any CPU.Build.0 = Debug|Any CPU
		{AF68770B-57D4-4AB9-AD15-5428425A6D0B}.Release|Any CPU.ActiveCfg = Release|Any CPU
		{AF68770B-57D4-4AB9-AD15-5428425A6D0B}.Release|Any CPU.Build.0 = Release|Any CPU
		{288C856A-2D82-4330-9CEB-510809996ED2}.Debug|Any CPU.ActiveCfg = Debug|Any CPU
		{288C856A-2D82-4330-9CEB-510809996ED2}.Debug|Any CPU.Build.0 = Debug|Any CPU
		{288C856A-2D82-4330-9CEB-510809996ED2}.Release|Any CPU.ActiveCfg = Release|Any CPU
		{288C856A-2D82-4330-9CEB-510809996ED2}.Release|Any CPU.Build.0 = Release|Any CPU
		{1BFC291E-51D0-4E69-835F-52EDE374D75E}.Debug|Any CPU.ActiveCfg = Debug|Any CPU
		{1BFC291E-51D0-4E69-835F-52EDE374D75E}.Debug|Any CPU.Build.0 = Debug|Any CPU
		{1BFC291E-51D0-4E69-835F-52EDE374D75E}.Release|Any CPU.ActiveCfg = Release|Any CPU
		{1BFC291E-51D0-4E69-835F-52EDE374D75E}.Release|Any CPU.Build.0 = Release|Any CPU
		{BA10E7DE-B82D-4667-A492-7118D4DC647A}.Debug|Any CPU.ActiveCfg = Debug|Any CPU
		{BA10E7DE-B82D-4667-A492-7118D4DC647A}.Debug|Any CPU.Build.0 = Debug|Any CPU
		{BA10E7DE-B82D-4667-A492-7118D4DC647A}.Release|Any CPU.ActiveCfg = Release|Any CPU
		{BA10E7DE-B82D-4667-A492-7118D4DC647A}.Release|Any CPU.Build.0 = Release|Any CPU
		{5E848588-AD1B-46FF-8E0F-ABC55F2D6EB5}.Debug|Any CPU.ActiveCfg = Debug|Any CPU
		{5E848588-AD1B-46FF-8E0F-ABC55F2D6EB5}.Debug|Any CPU.Build.0 = Debug|Any CPU
		{5E848588-AD1B-46FF-8E0F-ABC55F2D6EB5}.Release|Any CPU.ActiveCfg = Release|Any CPU
		{5E848588-AD1B-46FF-8E0F-ABC55F2D6EB5}.Release|Any CPU.Build.0 = Release|Any CPU
		{A92CD837-5F5B-4CDD-A7C8-9C4FE995A6EF}.Debug|Any CPU.ActiveCfg = Debug|Any CPU
		{A92CD837-5F5B-4CDD-A7C8-9C4FE995A6EF}.Debug|Any CPU.Build.0 = Debug|Any CPU
		{A92CD837-5F5B-4CDD-A7C8-9C4FE995A6EF}.Release|Any CPU.ActiveCfg = Release|Any CPU
		{A92CD837-5F5B-4CDD-A7C8-9C4FE995A6EF}.Release|Any CPU.Build.0 = Release|Any CPU
		{F70DD812-8EEE-47EF-964C-12E176687C37}.Debug|Any CPU.ActiveCfg = Debug|Any CPU
		{F70DD812-8EEE-47EF-964C-12E176687C37}.Debug|Any CPU.Build.0 = Debug|Any CPU
		{F70DD812-8EEE-47EF-964C-12E176687C37}.Release|Any CPU.ActiveCfg = Release|Any CPU
		{F70DD812-8EEE-47EF-964C-12E176687C37}.Release|Any CPU.Build.0 = Release|Any CPU
		{6FACD606-8E8D-4C62-AFEF-503E7649BDEA}.Debug|Any CPU.ActiveCfg = Debug|Any CPU
		{6FACD606-8E8D-4C62-AFEF-503E7649BDEA}.Debug|Any CPU.Build.0 = Debug|Any CPU
		{6FACD606-8E8D-4C62-AFEF-503E7649BDEA}.Release|Any CPU.ActiveCfg = Release|Any CPU
		{6FACD606-8E8D-4C62-AFEF-503E7649BDEA}.Release|Any CPU.Build.0 = Release|Any CPU
		{6B06EF4C-0638-4022-AEF5-9E29CF796E92}.Debug|Any CPU.ActiveCfg = Debug|Any CPU
		{6B06EF4C-0638-4022-AEF5-9E29CF796E92}.Debug|Any CPU.Build.0 = Debug|Any CPU
		{6B06EF4C-0638-4022-AEF5-9E29CF796E92}.Release|Any CPU.ActiveCfg = Release|Any CPU
		{6B06EF4C-0638-4022-AEF5-9E29CF796E92}.Release|Any CPU.Build.0 = Release|Any CPU
		{A57368AA-4A07-4658-BF88-AA63B385DB6B}.Debug|Any CPU.ActiveCfg = Debug|Any CPU
		{A57368AA-4A07-4658-BF88-AA63B385DB6B}.Debug|Any CPU.Build.0 = Debug|Any CPU
		{A57368AA-4A07-4658-BF88-AA63B385DB6B}.Release|Any CPU.ActiveCfg = Release|Any CPU
		{A57368AA-4A07-4658-BF88-AA63B385DB6B}.Release|Any CPU.Build.0 = Release|Any CPU
		{BAC58D19-77E3-436C-8D63-4CAD18A71E32}.Debug|Any CPU.ActiveCfg = Debug|Any CPU
		{BAC58D19-77E3-436C-8D63-4CAD18A71E32}.Debug|Any CPU.Build.0 = Debug|Any CPU
		{BAC58D19-77E3-436C-8D63-4CAD18A71E32}.Release|Any CPU.ActiveCfg = Release|Any CPU
		{BAC58D19-77E3-436C-8D63-4CAD18A71E32}.Release|Any CPU.Build.0 = Release|Any CPU
		{74E4CA5A-396D-46BA-8095-5F4C62C100A5}.Debug|Any CPU.ActiveCfg = Debug|Any CPU
		{74E4CA5A-396D-46BA-8095-5F4C62C100A5}.Debug|Any CPU.Build.0 = Debug|Any CPU
		{74E4CA5A-396D-46BA-8095-5F4C62C100A5}.Release|Any CPU.ActiveCfg = Release|Any CPU
		{74E4CA5A-396D-46BA-8095-5F4C62C100A5}.Release|Any CPU.Build.0 = Release|Any CPU
		{9C1334BB-2F0F-4FCD-9EAE-7AF9E32A7BCE}.Debug|Any CPU.ActiveCfg = Debug|Any CPU
		{9C1334BB-2F0F-4FCD-9EAE-7AF9E32A7BCE}.Debug|Any CPU.Build.0 = Debug|Any CPU
		{9C1334BB-2F0F-4FCD-9EAE-7AF9E32A7BCE}.Release|Any CPU.ActiveCfg = Release|Any CPU
		{9C1334BB-2F0F-4FCD-9EAE-7AF9E32A7BCE}.Release|Any CPU.Build.0 = Release|Any CPU
		{E826D4C6-FDE5-453B-B70E-BF0AB7B93EBA}.Debug|Any CPU.ActiveCfg = Debug|Any CPU
		{E826D4C6-FDE5-453B-B70E-BF0AB7B93EBA}.Debug|Any CPU.Build.0 = Debug|Any CPU
		{E826D4C6-FDE5-453B-B70E-BF0AB7B93EBA}.Release|Any CPU.ActiveCfg = Release|Any CPU
		{E826D4C6-FDE5-453B-B70E-BF0AB7B93EBA}.Release|Any CPU.Build.0 = Release|Any CPU
		{5C8A8BDC-16C5-418C-941D-D0BAA41A8C1F}.Debug|Any CPU.ActiveCfg = Debug|Any CPU
		{5C8A8BDC-16C5-418C-941D-D0BAA41A8C1F}.Debug|Any CPU.Build.0 = Debug|Any CPU
		{5C8A8BDC-16C5-418C-941D-D0BAA41A8C1F}.Release|Any CPU.ActiveCfg = Release|Any CPU
		{5C8A8BDC-16C5-418C-941D-D0BAA41A8C1F}.Release|Any CPU.Build.0 = Release|Any CPU
	EndGlobalSection
	GlobalSection(SolutionProperties) = preSolution
		HideSolutionNode = FALSE
	EndGlobalSection
	GlobalSection(NestedProjects) = preSolution
		{37346B48-BE47-4F4C-962B-B8EA6110B8CC} = {B89BF85B-2CEA-4538-A5FF-DC435BEE37D4}
		{5B167712-16E2-45CB-9922-F84479AF8322} = {B89BF85B-2CEA-4538-A5FF-DC435BEE37D4}
		{BAC58D19-77E3-436C-8D63-4CAD18A71E32} = {37346B48-BE47-4F4C-962B-B8EA6110B8CC}
		{74E4CA5A-396D-46BA-8095-5F4C62C100A5} = {5B167712-16E2-45CB-9922-F84479AF8322}
		{7EF47D3E-9174-4D8B-9FD6-EE06899E934A} = {982C6C71-5CAB-4B6E-A451-429D8738E141}
		{09A5634D-1095-4671-A9B0-2A1665D66918} = {982C6C71-5CAB-4B6E-A451-429D8738E141}
		{52817E10-B881-4C64-9DFE-6A1E3AEC319F} = {982C6C71-5CAB-4B6E-A451-429D8738E141}
		{9C1334BB-2F0F-4FCD-9EAE-7AF9E32A7BCE} = {7EF47D3E-9174-4D8B-9FD6-EE06899E934A}
		{E826D4C6-FDE5-453B-B70E-BF0AB7B93EBA} = {09A5634D-1095-4671-A9B0-2A1665D66918}
		{5C8A8BDC-16C5-418C-941D-D0BAA41A8C1F} = {52817E10-B881-4C64-9DFE-6A1E3AEC319F}
	EndGlobalSection
	GlobalSection(ExtensibilityGlobals) = postSolution
		SolutionGuid = {5AF2034A-D523-47DF-A3FC-7CF34FD76304}
	EndGlobalSection
EndGlobal
