
Microsoft Visual Studio Solution File, Format Version 12.00
# Visual Studio Version 17
VisualStudioVersion = 17.4.33403.182
MinimumVisualStudioVersion = 10.0.40219.1
Project("{FAE04EC0-301F-11D3-BF4B-00C04F79EFBC}") = "CSharp-Programming-Guide", "CSharp-Programming-Guide\CSharp-Programming-Guide.csproj", "{78C4EB20-8E6B-461A-8AA3-CB6E180D9A5C}"
EndProject
Global
	GlobalSection(SolutionConfigurationPlatforms) = preSolution
		Debug|Any CPU = Debug|Any CPU
		Release|Any CPU = Release|Any CPU
	EndGlobalSection
	GlobalSection(ProjectConfigurationPlatforms) = postSolution
		{78C4EB20-8E6B-461A-8AA3-CB6E180D9A5C}.Debug|Any CPU.ActiveCfg = Debug|Any CPU
		{78C4EB20-8E6B-461A-8AA3-CB6E180D9A5C}.Debug|Any CPU.Build.0 = Debug|Any CPU
		{78C4EB20-8E6B-461A-8AA3-CB6E180D9A5C}.Release|Any CPU.ActiveCfg = Release|Any CPU
		{78C4EB20-8E6B-461A-8AA3-CB6E180D9A5C}.Release|Any CPU.Build.0 = Release|Any CPU
	EndGlobalSection
	GlobalSection(SolutionProperties) = preSolution
		HideSolutionNode = FALSE
	EndGlobalSection
	GlobalSection(ExtensibilityGlobals) = postSolution
		SolutionGuid = {5AF2034A-D523-47DF-A3FC-7CF34FD76304}
	EndGlobalSection
EndGlobal
